
Microsoft Visual Studio Solution File, Format Version 12.00
# Visual Studio Version 17
VisualStudioVersion = 17.7.34031.279
MinimumVisualStudioVersion = 10.0.40219.1
Project("{FAE04EC0-301F-11D3-BF4B-00C04F79EFBC}") = "appTest1", "appTest1\appTest1.csproj", "{9557E200-4DEF-403B-A927-C9CC6BC92346}"
EndProject
Global
	GlobalSection(SolutionConfigurationPlatforms) = preSolution
		Debug|Any CPU = Debug|Any CPU
		Release|Any CPU = Release|Any CPU
	EndGlobalSection
	GlobalSection(ProjectConfigurationPlatforms) = postSolution
		{9557E200-4DEF-403B-A927-C9CC6BC92346}.Debug|Any CPU.ActiveCfg = Debug|Any CPU
		{9557E200-4DEF-403B-A927-C9CC6BC92346}.Debug|Any CPU.Build.0 = Debug|Any CPU
		{9557E200-4DEF-403B-A927-C9CC6BC92346}.Release|Any CPU.ActiveCfg = Release|Any CPU
		{9557E200-4DEF-403B-A927-C9CC6BC92346}.Release|Any CPU.Build.0 = Release|Any CPU
	EndGlobalSection
	GlobalSection(SolutionProperties) = preSolution
		HideSolutionNode = FALSE
	EndGlobalSection
	GlobalSection(ExtensibilityGlobals) = postSolution
		SolutionGuid = {134EDAE4-A552-45FC-B5A3-6C2E66773199}
	EndGlobalSection
EndGlobal
